
Microsoft Visual Studio Solution File, Format Version 12.00
# Visual Studio Version 16
VisualStudioVersion = 16.0.30309.148
MinimumVisualStudioVersion = 10.0.40219.1
Project("{FAE04EC0-301F-11D3-BF4B-00C04F79EFBC}") = "WpfApp1", "WpfApp1\WpfApp1.csproj", "{51BD5363-4EE4-4CE5-8606-1870A14150EC}"
EndProject
Global
	GlobalSection(SolutionConfigurationPlatforms) = preSolution
		Debug|Any CPU = Debug|Any CPU
		Release|Any CPU = Release|Any CPU
	EndGlobalSection
	GlobalSection(ProjectConfigurationPlatforms) = postSolution
		{51BD5363-4EE4-4CE5-8606-1870A14150EC}.Debug|Any CPU.ActiveCfg = Debug|Any CPU
		{51BD5363-4EE4-4CE5-8606-1870A14150EC}.Debug|Any CPU.Build.0 = Debug|Any CPU
		{51BD5363-4EE4-4CE5-8606-1870A14150EC}.Release|Any CPU.ActiveCfg = Release|Any CPU
		{51BD5363-4EE4-4CE5-8606-1870A14150EC}.Release|Any CPU.Build.0 = Release|Any CPU
	EndGlobalSection
	GlobalSection(SolutionProperties) = preSolution
		HideSolutionNode = FALSE
	EndGlobalSection
	GlobalSection(ExtensibilityGlobals) = postSolution
		SolutionGuid = {DF25B065-A343-445D-BD90-B308DEB317AD}
	EndGlobalSection
EndGlobal
